
Microsoft Visual Studio Solution File, Format Version 12.00
# Visual Studio Version 16
VisualStudioVersion = 16.0.29709.97
MinimumVisualStudioVersion = 10.0.40219.1
Project("{FAE04EC0-301F-11D3-BF4B-00C04F79EFBC}") = "A5vshourie", "A5vshourie.csproj", "{A6BF2976-B704-42C5-9BA1-890D9BA478C2}"
EndProject
Global
	GlobalSection(SolutionConfigurationPlatforms) = preSolution
		Debug|Any CPU = Debug|Any CPU
		Release|Any CPU = Release|Any CPU
	EndGlobalSection
	GlobalSection(ProjectConfigurationPlatforms) = postSolution
		{A6BF2976-B704-42C5-9BA1-890D9BA478C2}.Debug|Any CPU.ActiveCfg = Debug|Any CPU
		{A6BF2976-B704-42C5-9BA1-890D9BA478C2}.Debug|Any CPU.Build.0 = Debug|Any CPU
		{A6BF2976-B704-42C5-9BA1-890D9BA478C2}.Release|Any CPU.ActiveCfg = Release|Any CPU
		{A6BF2976-B704-42C5-9BA1-890D9BA478C2}.Release|Any CPU.Build.0 = Release|Any CPU
	EndGlobalSection
	GlobalSection(SolutionProperties) = preSolution
		HideSolutionNode = FALSE
	EndGlobalSection
	GlobalSection(ExtensibilityGlobals) = postSolution
		SolutionGuid = {909F76D5-73F4-4539-A832-DCD10E98EEAE}
	EndGlobalSection
EndGlobal
